{
  "name": "route-wizard-hoa-example",
  "version": "1.0.0",
  "lockfileVersion": 3,
  "requires": true,
  "packages": {
    "": {
      "name": "route-wizard-hoa-example",
      "version": "1.0.0",
      "license": "MIT",
      "dependencies": {
        "@chaeco/route-wizard": "file:../..",
        "hoa": "^0.1.0"
      }
    },
    "../..": {
      "version": "1.0.0",
      "license": "MIT",
      "dependencies": {
        "minimatch": "^10.0.3"
      },
      "devDependencies": {
        "@types/jest": "^30.0.0",
        "@types/node": "^20.0.0",
        "@typescript-eslint/eslint-plugin": "^8.46.0",
        "@typescript-eslint/parser": "^8.46.0",
        "eslint": "^8.0.0",
        "husky": "^8.0.0",
        "jest": "^30.2.0",
        "lint-staged": "^15.0.0",
        "prettier": "^3.0.0",
        "ts-jest": "^29.4.5",
        "typescript": "^5.0.0"
      },
      "engines": {
        "node": ">=16.0.0"
      }
    },
    "node_modules/@chaeco/route-wizard": {
      "resolved": "../..",
      "link": true
    },
    "node_modules/hoa": {
      "version": "0.1.2",
      "resolved": "https://registry.npmjs.org/hoa/-/hoa-0.1.2.tgz",
      "integrity": "sha512-IRFJwHHtQ/z+MBBCWacGVwSCvxZl5JsmOogllrYkDfYNJpf0uP39Rs5cC7m+Vhr6Z4u3nJTIYKYIXgDHjHnNJA==",
      "license": "MIT",
      "engines": {
        "node": ">=20"
      }
    }
  }
}
